
Microsoft Visual Studio Solution File, Format Version 11.00
# Visual Studio 2010
Project("{FAE04EC0-301F-11D3-BF4B-00C04F79EFBC}") = "Daemons", "Daemons\Daemons.csproj", "{1CE73E67-12ED-4EEA-9ED6-5B44ED28FEBE}"
EndProject
Project("{FAE04EC0-301F-11D3-BF4B-00C04F79EFBC}") = "Daemons.SchedulerPerformanceTest", "PerformanceTests\Daemons.SchedulerPerformanceTest\Daemons.SchedulerPerformanceTest.csproj", "{23D987F1-5E60-44AE-B497-F3725AE9DDE9}"
EndProject
Project("{FAE04EC0-301F-11D3-BF4B-00C04F79EFBC}") = "Daemons.Tests", "Daemons.Tests\Daemons.Tests.csproj", "{88BC13D3-408D-4A84-BE3E-059AB512D721}"
EndProject
Project("{FAE04EC0-301F-11D3-BF4B-00C04F79EFBC}") = "Daemons.EchoServerExample", "Examples\Daemons.EchoServerExample\Daemons.EchoServerExample.csproj", "{83701D4D-B2E1-4E7F-A0E0-38A57D7B27DC}"
EndProject
Project("{FAE04EC0-301F-11D3-BF4B-00C04F79EFBC}") = "Daemons.HttpSimpleExample", "Examples\Daemons.HttpSimpleExample\Daemons.HttpSimpleExample.csproj", "{E37B2318-1AC2-4C9A-9D4C-4C30B781E430}"
EndProject
Project("{FAE04EC0-301F-11D3-BF4B-00C04F79EFBC}") = "Daemons.MessageBusExample", "Examples\Daemons.MessageBusExample\Daemons.MessageBusExample.csproj", "{BF074374-0348-4C1F-9AF9-5F01DD3C9EEB}"
EndProject
Project("{FAE04EC0-301F-11D3-BF4B-00C04F79EFBC}") = "Daemons.ControllerExample", "Examples\Daemons.ControllerExample\Daemons.ControllerExample.csproj", "{44EABB03-832F-4A67-A894-AE82F16448E7}"
EndProject
Project("{FAE04EC0-301F-11D3-BF4B-00C04F79EFBC}") = "Daemons.IOExample", "Examples\Daemons.IOExample\Daemons.IOExample.csproj", "{75A0484E-3D60-4FBC-995B-66F3C89588F7}"
EndProject
Project("{FAE04EC0-301F-11D3-BF4B-00C04F79EFBC}") = "Daemons.MessageExample", "Examples\Daemons.MessageExample\Daemons.MessageExample.csproj", "{5655F821-FF24-4054-ADE6-56601218CBCF}"
EndProject
Project("{FAE04EC0-301F-11D3-BF4B-00C04F79EFBC}") = "Daemons.MessagePerformanceTest", "PerformanceTests\Daemons.MessagePerformanceTest\Daemons.MessagePerformanceTest.csproj", "{44B910D7-5EF2-406E-9DE3-4EBC5F401B2D}"
EndProject
Project("{FAE04EC0-301F-11D3-BF4B-00C04F79EFBC}") = "Daemons.MQ", "Daemons.MQ\Daemons.MQ.csproj", "{80246B38-2BA9-4C6C-AD5F-600AD801A324}"
EndProject
Project("{FAE04EC0-301F-11D3-BF4B-00C04F79EFBC}") = "Daemons.MQExample", "Examples\Daemons.MQExample\Daemons.MQExample.csproj", "{634180E5-46CF-4E81-B66D-01F6D3FCAF2E}"
EndProject
Project("{2150E333-8FDC-42A3-9474-1A3956D46DE8}") = "Examples", "Examples", "{19A70AA4-5B8A-4F0B-8625-09B272621623}"
EndProject
Project("{2150E333-8FDC-42A3-9474-1A3956D46DE8}") = "PerformanceTests", "PerformanceTests", "{3A2C8465-C7E9-4775-88A7-7F13507678BC}"
EndProject
Project("{FAE04EC0-301F-11D3-BF4B-00C04F79EFBC}") = "Daemons.TimerExample", "Examples\Daemons.TimerExample\Daemons.TimerExample.csproj", "{DA0F1D4B-BD9C-4318-B25C-ADD120211615}"
EndProject
Global
	GlobalSection(SolutionConfigurationPlatforms) = preSolution
		Debug|Any CPU = Debug|Any CPU
		Debug|Mixed Platforms = Debug|Mixed Platforms
		Debug|x86 = Debug|x86
		Release|Any CPU = Release|Any CPU
		Release|Mixed Platforms = Release|Mixed Platforms
		Release|x86 = Release|x86
	EndGlobalSection
	GlobalSection(ProjectConfigurationPlatforms) = postSolution
		{1CE73E67-12ED-4EEA-9ED6-5B44ED28FEBE}.Debug|Any CPU.ActiveCfg = Debug|Any CPU
		{1CE73E67-12ED-4EEA-9ED6-5B44ED28FEBE}.Debug|Any CPU.Build.0 = Debug|Any CPU
		{1CE73E67-12ED-4EEA-9ED6-5B44ED28FEBE}.Debug|Mixed Platforms.ActiveCfg = Debug|Any CPU
		{1CE73E67-12ED-4EEA-9ED6-5B44ED28FEBE}.Debug|Mixed Platforms.Build.0 = Debug|Any CPU
		{1CE73E67-12ED-4EEA-9ED6-5B44ED28FEBE}.Debug|x86.ActiveCfg = Debug|Any CPU
		{1CE73E67-12ED-4EEA-9ED6-5B44ED28FEBE}.Release|Any CPU.ActiveCfg = Release|Any CPU
		{1CE73E67-12ED-4EEA-9ED6-5B44ED28FEBE}.Release|Any CPU.Build.0 = Release|Any CPU
		{1CE73E67-12ED-4EEA-9ED6-5B44ED28FEBE}.Release|Mixed Platforms.ActiveCfg = Release|Any CPU
		{1CE73E67-12ED-4EEA-9ED6-5B44ED28FEBE}.Release|Mixed Platforms.Build.0 = Release|Any CPU
		{1CE73E67-12ED-4EEA-9ED6-5B44ED28FEBE}.Release|x86.ActiveCfg = Release|Any CPU
		{23D987F1-5E60-44AE-B497-F3725AE9DDE9}.Debug|Any CPU.ActiveCfg = Debug|x86
		{23D987F1-5E60-44AE-B497-F3725AE9DDE9}.Debug|Mixed Platforms.ActiveCfg = Debug|x86
		{23D987F1-5E60-44AE-B497-F3725AE9DDE9}.Debug|Mixed Platforms.Build.0 = Debug|x86
		{23D987F1-5E60-44AE-B497-F3725AE9DDE9}.Debug|x86.ActiveCfg = Debug|x86
		{23D987F1-5E60-44AE-B497-F3725AE9DDE9}.Debug|x86.Build.0 = Debug|x86
		{23D987F1-5E60-44AE-B497-F3725AE9DDE9}.Release|Any CPU.ActiveCfg = Release|x86
		{23D987F1-5E60-44AE-B497-F3725AE9DDE9}.Release|Mixed Platforms.ActiveCfg = Release|x86
		{23D987F1-5E60-44AE-B497-F3725AE9DDE9}.Release|Mixed Platforms.Build.0 = Release|x86
		{23D987F1-5E60-44AE-B497-F3725AE9DDE9}.Release|x86.ActiveCfg = Release|x86
		{23D987F1-5E60-44AE-B497-F3725AE9DDE9}.Release|x86.Build.0 = Release|x86
		{88BC13D3-408D-4A84-BE3E-059AB512D721}.Debug|Any CPU.ActiveCfg = Debug|Any CPU
		{88BC13D3-408D-4A84-BE3E-059AB512D721}.Debug|Any CPU.Build.0 = Debug|Any CPU
		{88BC13D3-408D-4A84-BE3E-059AB512D721}.Debug|Mixed Platforms.ActiveCfg = Debug|Any CPU
		{88BC13D3-408D-4A84-BE3E-059AB512D721}.Debug|Mixed Platforms.Build.0 = Debug|Any CPU
		{88BC13D3-408D-4A84-BE3E-059AB512D721}.Debug|x86.ActiveCfg = Debug|Any CPU
		{88BC13D3-408D-4A84-BE3E-059AB512D721}.Release|Any CPU.ActiveCfg = Release|Any CPU
		{88BC13D3-408D-4A84-BE3E-059AB512D721}.Release|Any CPU.Build.0 = Release|Any CPU
		{88BC13D3-408D-4A84-BE3E-059AB512D721}.Release|Mixed Platforms.ActiveCfg = Release|Any CPU
		{88BC13D3-408D-4A84-BE3E-059AB512D721}.Release|Mixed Platforms.Build.0 = Release|Any CPU
		{88BC13D3-408D-4A84-BE3E-059AB512D721}.Release|x86.ActiveCfg = Release|Any CPU
		{83701D4D-B2E1-4E7F-A0E0-38A57D7B27DC}.Debug|Any CPU.ActiveCfg = Debug|x86
		{83701D4D-B2E1-4E7F-A0E0-38A57D7B27DC}.Debug|Mixed Platforms.ActiveCfg = Debug|x86
		{83701D4D-B2E1-4E7F-A0E0-38A57D7B27DC}.Debug|Mixed Platforms.Build.0 = Debug|x86
		{83701D4D-B2E1-4E7F-A0E0-38A57D7B27DC}.Debug|x86.ActiveCfg = Debug|x86
		{83701D4D-B2E1-4E7F-A0E0-38A57D7B27DC}.Debug|x86.Build.0 = Debug|x86
		{83701D4D-B2E1-4E7F-A0E0-38A57D7B27DC}.Release|Any CPU.ActiveCfg = Release|x86
		{83701D4D-B2E1-4E7F-A0E0-38A57D7B27DC}.Release|Mixed Platforms.ActiveCfg = Release|x86
		{83701D4D-B2E1-4E7F-A0E0-38A57D7B27DC}.Release|Mixed Platforms.Build.0 = Release|x86
		{83701D4D-B2E1-4E7F-A0E0-38A57D7B27DC}.Release|x86.ActiveCfg = Release|x86
		{83701D4D-B2E1-4E7F-A0E0-38A57D7B27DC}.Release|x86.Build.0 = Release|x86
		{E37B2318-1AC2-4C9A-9D4C-4C30B781E430}.Debug|Any CPU.ActiveCfg = Debug|x86
		{E37B2318-1AC2-4C9A-9D4C-4C30B781E430}.Debug|Mixed Platforms.ActiveCfg = Debug|x86
		{E37B2318-1AC2-4C9A-9D4C-4C30B781E430}.Debug|Mixed Platforms.Build.0 = Debug|x86
		{E37B2318-1AC2-4C9A-9D4C-4C30B781E430}.Debug|x86.ActiveCfg = Debug|x86
		{E37B2318-1AC2-4C9A-9D4C-4C30B781E430}.Debug|x86.Build.0 = Debug|x86
		{E37B2318-1AC2-4C9A-9D4C-4C30B781E430}.Release|Any CPU.ActiveCfg = Release|x86
		{E37B2318-1AC2-4C9A-9D4C-4C30B781E430}.Release|Mixed Platforms.ActiveCfg = Release|x86
		{E37B2318-1AC2-4C9A-9D4C-4C30B781E430}.Release|Mixed Platforms.Build.0 = Release|x86
		{E37B2318-1AC2-4C9A-9D4C-4C30B781E430}.Release|x86.ActiveCfg = Release|x86
		{E37B2318-1AC2-4C9A-9D4C-4C30B781E430}.Release|x86.Build.0 = Release|x86
		{BF074374-0348-4C1F-9AF9-5F01DD3C9EEB}.Debug|Any CPU.ActiveCfg = Debug|x86
		{BF074374-0348-4C1F-9AF9-5F01DD3C9EEB}.Debug|Mixed Platforms.ActiveCfg = Debug|x86
		{BF074374-0348-4C1F-9AF9-5F01DD3C9EEB}.Debug|Mixed Platforms.Build.0 = Debug|x86
		{BF074374-0348-4C1F-9AF9-5F01DD3C9EEB}.Debug|x86.ActiveCfg = Debug|x86
		{BF074374-0348-4C1F-9AF9-5F01DD3C9EEB}.Debug|x86.Build.0 = Debug|x86
		{BF074374-0348-4C1F-9AF9-5F01DD3C9EEB}.Release|Any CPU.ActiveCfg = Release|x86
		{BF074374-0348-4C1F-9AF9-5F01DD3C9EEB}.Release|Mixed Platforms.ActiveCfg = Release|x86
		{BF074374-0348-4C1F-9AF9-5F01DD3C9EEB}.Release|Mixed Platforms.Build.0 = Release|x86
		{BF074374-0348-4C1F-9AF9-5F01DD3C9EEB}.Release|x86.ActiveCfg = Release|x86
		{BF074374-0348-4C1F-9AF9-5F01DD3C9EEB}.Release|x86.Build.0 = Release|x86
		{44EABB03-832F-4A67-A894-AE82F16448E7}.Debug|Any CPU.ActiveCfg = Debug|x86
		{44EABB03-832F-4A67-A894-AE82F16448E7}.Debug|Mixed Platforms.ActiveCfg = Debug|x86
		{44EABB03-832F-4A67-A894-AE82F16448E7}.Debug|Mixed Platforms.Build.0 = Debug|x86
		{44EABB03-832F-4A67-A894-AE82F16448E7}.Debug|x86.ActiveCfg = Debug|x86
		{44EABB03-832F-4A67-A894-AE82F16448E7}.Debug|x86.Build.0 = Debug|x86
		{44EABB03-832F-4A67-A894-AE82F16448E7}.Release|Any CPU.ActiveCfg = Release|x86
		{44EABB03-832F-4A67-A894-AE82F16448E7}.Release|Mixed Platforms.ActiveCfg = Release|x86
		{44EABB03-832F-4A67-A894-AE82F16448E7}.Release|Mixed Platforms.Build.0 = Release|x86
		{44EABB03-832F-4A67-A894-AE82F16448E7}.Release|x86.ActiveCfg = Release|x86
		{44EABB03-832F-4A67-A894-AE82F16448E7}.Release|x86.Build.0 = Release|x86
		{75A0484E-3D60-4FBC-995B-66F3C89588F7}.Debug|Any CPU.ActiveCfg = Debug|x86
		{75A0484E-3D60-4FBC-995B-66F3C89588F7}.Debug|Mixed Platforms.ActiveCfg = Debug|x86
		{75A0484E-3D60-4FBC-995B-66F3C89588F7}.Debug|Mixed Platforms.Build.0 = Debug|x86
		{75A0484E-3D60-4FBC-995B-66F3C89588F7}.Debug|x86.ActiveCfg = Debug|x86
		{75A0484E-3D60-4FBC-995B-66F3C89588F7}.Debug|x86.Build.0 = Debug|x86
		{75A0484E-3D60-4FBC-995B-66F3C89588F7}.Release|Any CPU.ActiveCfg = Release|x86
		{75A0484E-3D60-4FBC-995B-66F3C89588F7}.Release|Mixed Platforms.ActiveCfg = Release|x86
		{75A0484E-3D60-4FBC-995B-66F3C89588F7}.Release|Mixed Platforms.Build.0 = Release|x86
		{75A0484E-3D60-4FBC-995B-66F3C89588F7}.Release|x86.ActiveCfg = Release|x86
		{75A0484E-3D60-4FBC-995B-66F3C89588F7}.Release|x86.Build.0 = Release|x86
		{5655F821-FF24-4054-ADE6-56601218CBCF}.Debug|Any CPU.ActiveCfg = Debug|x86
		{5655F821-FF24-4054-ADE6-56601218CBCF}.Debug|Mixed Platforms.ActiveCfg = Debug|x86
		{5655F821-FF24-4054-ADE6-56601218CBCF}.Debug|Mixed Platforms.Build.0 = Debug|x86
		{5655F821-FF24-4054-ADE6-56601218CBCF}.Debug|x86.ActiveCfg = Debug|x86
		{5655F821-FF24-4054-ADE6-56601218CBCF}.Debug|x86.Build.0 = Debug|x86
		{5655F821-FF24-4054-ADE6-56601218CBCF}.Release|Any CPU.ActiveCfg = Release|x86
		{5655F821-FF24-4054-ADE6-56601218CBCF}.Release|Mixed Platforms.ActiveCfg = Release|x86
		{5655F821-FF24-4054-ADE6-56601218CBCF}.Release|Mixed Platforms.Build.0 = Release|x86
		{5655F821-FF24-4054-ADE6-56601218CBCF}.Release|x86.ActiveCfg = Release|x86
		{5655F821-FF24-4054-ADE6-56601218CBCF}.Release|x86.Build.0 = Release|x86
		{44B910D7-5EF2-406E-9DE3-4EBC5F401B2D}.Debug|Any CPU.ActiveCfg = Debug|x86
		{44B910D7-5EF2-406E-9DE3-4EBC5F401B2D}.Debug|Mixed Platforms.ActiveCfg = Debug|x86
		{44B910D7-5EF2-406E-9DE3-4EBC5F401B2D}.Debug|Mixed Platforms.Build.0 = Debug|x86
		{44B910D7-5EF2-406E-9DE3-4EBC5F401B2D}.Debug|x86.ActiveCfg = Debug|x86
		{44B910D7-5EF2-406E-9DE3-4EBC5F401B2D}.Debug|x86.Build.0 = Debug|x86
		{44B910D7-5EF2-406E-9DE3-4EBC5F401B2D}.Release|Any CPU.ActiveCfg = Release|x86
		{44B910D7-5EF2-406E-9DE3-4EBC5F401B2D}.Release|Mixed Platforms.ActiveCfg = Release|x86
		{44B910D7-5EF2-406E-9DE3-4EBC5F401B2D}.Release|Mixed Platforms.Build.0 = Release|x86
		{44B910D7-5EF2-406E-9DE3-4EBC5F401B2D}.Release|x86.ActiveCfg = Release|x86
		{44B910D7-5EF2-406E-9DE3-4EBC5F401B2D}.Release|x86.Build.0 = Release|x86
		{80246B38-2BA9-4C6C-AD5F-600AD801A324}.Debug|Any CPU.ActiveCfg = Debug|Any CPU
		{80246B38-2BA9-4C6C-AD5F-600AD801A324}.Debug|Any CPU.Build.0 = Debug|Any CPU
		{80246B38-2BA9-4C6C-AD5F-600AD801A324}.Debug|Mixed Platforms.ActiveCfg = Debug|Any CPU
		{80246B38-2BA9-4C6C-AD5F-600AD801A324}.Debug|Mixed Platforms.Build.0 = Debug|Any CPU
		{80246B38-2BA9-4C6C-AD5F-600AD801A324}.Debug|x86.ActiveCfg = Debug|Any CPU
		{80246B38-2BA9-4C6C-AD5F-600AD801A324}.Release|Any CPU.ActiveCfg = Release|Any CPU
		{80246B38-2BA9-4C6C-AD5F-600AD801A324}.Release|Any CPU.Build.0 = Release|Any CPU
		{80246B38-2BA9-4C6C-AD5F-600AD801A324}.Release|Mixed Platforms.ActiveCfg = Release|Any CPU
		{80246B38-2BA9-4C6C-AD5F-600AD801A324}.Release|Mixed Platforms.Build.0 = Release|Any CPU
		{80246B38-2BA9-4C6C-AD5F-600AD801A324}.Release|x86.ActiveCfg = Release|Any CPU
		{634180E5-46CF-4E81-B66D-01F6D3FCAF2E}.Debug|Any CPU.ActiveCfg = Debug|x86
		{634180E5-46CF-4E81-B66D-01F6D3FCAF2E}.Debug|Mixed Platforms.ActiveCfg = Debug|x86
		{634180E5-46CF-4E81-B66D-01F6D3FCAF2E}.Debug|Mixed Platforms.Build.0 = Debug|x86
		{634180E5-46CF-4E81-B66D-01F6D3FCAF2E}.Debug|x86.ActiveCfg = Debug|x86
		{634180E5-46CF-4E81-B66D-01F6D3FCAF2E}.Debug|x86.Build.0 = Debug|x86
		{634180E5-46CF-4E81-B66D-01F6D3FCAF2E}.Release|Any CPU.ActiveCfg = Release|x86
		{634180E5-46CF-4E81-B66D-01F6D3FCAF2E}.Release|Mixed Platforms.ActiveCfg = Release|x86
		{634180E5-46CF-4E81-B66D-01F6D3FCAF2E}.Release|Mixed Platforms.Build.0 = Release|x86
		{634180E5-46CF-4E81-B66D-01F6D3FCAF2E}.Release|x86.ActiveCfg = Release|x86
		{634180E5-46CF-4E81-B66D-01F6D3FCAF2E}.Release|x86.Build.0 = Release|x86
		{DA0F1D4B-BD9C-4318-B25C-ADD120211615}.Debug|Any CPU.ActiveCfg = Debug|x86
		{DA0F1D4B-BD9C-4318-B25C-ADD120211615}.Debug|Mixed Platforms.ActiveCfg = Debug|x86
		{DA0F1D4B-BD9C-4318-B25C-ADD120211615}.Debug|Mixed Platforms.Build.0 = Debug|x86
		{DA0F1D4B-BD9C-4318-B25C-ADD120211615}.Debug|x86.ActiveCfg = Debug|x86
		{DA0F1D4B-BD9C-4318-B25C-ADD120211615}.Debug|x86.Build.0 = Debug|x86
		{DA0F1D4B-BD9C-4318-B25C-ADD120211615}.Release|Any CPU.ActiveCfg = Release|x86
		{DA0F1D4B-BD9C-4318-B25C-ADD120211615}.Release|Mixed Platforms.ActiveCfg = Release|x86
		{DA0F1D4B-BD9C-4318-B25C-ADD120211615}.Release|Mixed Platforms.Build.0 = Release|x86
		{DA0F1D4B-BD9C-4318-B25C-ADD120211615}.Release|x86.ActiveCfg = Release|x86
		{DA0F1D4B-BD9C-4318-B25C-ADD120211615}.Release|x86.Build.0 = Release|x86
	EndGlobalSection
	GlobalSection(SolutionProperties) = preSolution
		HideSolutionNode = FALSE
	EndGlobalSection
	GlobalSection(NestedProjects) = preSolution
		{44B910D7-5EF2-406E-9DE3-4EBC5F401B2D} = {3A2C8465-C7E9-4775-88A7-7F13507678BC}
		{23D987F1-5E60-44AE-B497-F3725AE9DDE9} = {3A2C8465-C7E9-4775-88A7-7F13507678BC}
		{E37B2318-1AC2-4C9A-9D4C-4C30B781E430} = {19A70AA4-5B8A-4F0B-8625-09B272621623}
		{BF074374-0348-4C1F-9AF9-5F01DD3C9EEB} = {19A70AA4-5B8A-4F0B-8625-09B272621623}
		{44EABB03-832F-4A67-A894-AE82F16448E7} = {19A70AA4-5B8A-4F0B-8625-09B272621623}
		{75A0484E-3D60-4FBC-995B-66F3C89588F7} = {19A70AA4-5B8A-4F0B-8625-09B272621623}
		{5655F821-FF24-4054-ADE6-56601218CBCF} = {19A70AA4-5B8A-4F0B-8625-09B272621623}
		{634180E5-46CF-4E81-B66D-01F6D3FCAF2E} = {19A70AA4-5B8A-4F0B-8625-09B272621623}
		{83701D4D-B2E1-4E7F-A0E0-38A57D7B27DC} = {19A70AA4-5B8A-4F0B-8625-09B272621623}
		{DA0F1D4B-BD9C-4318-B25C-ADD120211615} = {19A70AA4-5B8A-4F0B-8625-09B272621623}
	EndGlobalSection
EndGlobal
